
Microsoft Visual Studio Solution File, Format Version 12.00
# Visual Studio Version 16
VisualStudioVersion = 16.0.31205.134
MinimumVisualStudioVersion = 10.0.40219.1
Project("{9A19103F-16F7-4668-BE54-9A1E7A4F7556}") = "CodeFlow", "CodeFlow\CodeFlow.csproj", "{7775F468-9FBA-4E96-B7B8-9921DF48EAEE}"
EndProject
Project("{9A19103F-16F7-4668-BE54-9A1E7A4F7556}") = "CodeFlowWithOpenIdConnect", "CodeFlowWithOpenIdConnect\CodeFlowWithOpenIdConnect.csproj", "{60219A49-05D6-41C7-824A-12B131A973C7}"
EndProject
Project("{9A19103F-16F7-4668-BE54-9A1E7A4F7556}") = "WeatherApiClient", "WeatherApiClient\WeatherApiClient.csproj", "{4377AEA7-59F3-4859-AB78-68459D50A510}"
EndProject
Project("{9A19103F-16F7-4668-BE54-9A1E7A4F7556}") = "BlazorWeatherApiClient", "BlazorWeatherApiClient\BlazorWeatherApiClient.csproj", "{3B6EA686-5156-4D8B-9309-3DAD7E71A517}"
EndProject
Project("{FAE04EC0-301F-11D3-BF4B-00C04F79EFBC}") = "WeatherApiServer", "WeatherApiServer\WeatherApiServer.csproj", "{A8AE5ED8-5D2C-4F87-B5FC-E3DA0F13DFEE}"
EndProject
Global
	GlobalSection(SolutionConfigurationPlatforms) = preSolution
		Debug|Any CPU = Debug|Any CPU
		Release|Any CPU = Release|Any CPU
	EndGlobalSection
	GlobalSection(ProjectConfigurationPlatforms) = postSolution
		{7775F468-9FBA-4E96-B7B8-9921DF48EAEE}.Debug|Any CPU.ActiveCfg = Debug|Any CPU
		{7775F468-9FBA-4E96-B7B8-9921DF48EAEE}.Debug|Any CPU.Build.0 = Debug|Any CPU
		{7775F468-9FBA-4E96-B7B8-9921DF48EAEE}.Release|Any CPU.ActiveCfg = Release|Any CPU
		{7775F468-9FBA-4E96-B7B8-9921DF48EAEE}.Release|Any CPU.Build.0 = Release|Any CPU
		{60219A49-05D6-41C7-824A-12B131A973C7}.Debug|Any CPU.ActiveCfg = Debug|Any CPU
		{60219A49-05D6-41C7-824A-12B131A973C7}.Debug|Any CPU.Build.0 = Debug|Any CPU
		{60219A49-05D6-41C7-824A-12B131A973C7}.Release|Any CPU.ActiveCfg = Release|Any CPU
		{60219A49-05D6-41C7-824A-12B131A973C7}.Release|Any CPU.Build.0 = Release|Any CPU
		{4377AEA7-59F3-4859-AB78-68459D50A510}.Debug|Any CPU.ActiveCfg = Debug|Any CPU
		{4377AEA7-59F3-4859-AB78-68459D50A510}.Debug|Any CPU.Build.0 = Debug|Any CPU
		{4377AEA7-59F3-4859-AB78-68459D50A510}.Release|Any CPU.ActiveCfg = Release|Any CPU
		{4377AEA7-59F3-4859-AB78-68459D50A510}.Release|Any CPU.Build.0 = Release|Any CPU
		{3B6EA686-5156-4D8B-9309-3DAD7E71A517}.Debug|Any CPU.ActiveCfg = Debug|Any CPU
		{3B6EA686-5156-4D8B-9309-3DAD7E71A517}.Debug|Any CPU.Build.0 = Debug|Any CPU
		{3B6EA686-5156-4D8B-9309-3DAD7E71A517}.Release|Any CPU.ActiveCfg = Release|Any CPU
		{3B6EA686-5156-4D8B-9309-3DAD7E71A517}.Release|Any CPU.Build.0 = Release|Any CPU
		{A8AE5ED8-5D2C-4F87-B5FC-E3DA0F13DFEE}.Debug|Any CPU.ActiveCfg = Debug|Any CPU
		{A8AE5ED8-5D2C-4F87-B5FC-E3DA0F13DFEE}.Debug|Any CPU.Build.0 = Debug|Any CPU
		{A8AE5ED8-5D2C-4F87-B5FC-E3DA0F13DFEE}.Release|Any CPU.ActiveCfg = Release|Any CPU
		{A8AE5ED8-5D2C-4F87-B5FC-E3DA0F13DFEE}.Release|Any CPU.Build.0 = Release|Any CPU
	EndGlobalSection
	GlobalSection(SolutionProperties) = preSolution
		HideSolutionNode = FALSE
	EndGlobalSection
	GlobalSection(ExtensibilityGlobals) = postSolution
		SolutionGuid = {4E2C9D3E-BB17-4EC3-8E94-F40CD1BE37DF}
	EndGlobalSection
EndGlobal
